
Microsoft Visual Studio Solution File, Format Version 12.00
# Visual Studio 2013
VisualStudioVersion = 12.0.31101.0
MinimumVisualStudioVersion = 10.0.40219.1
Project("{FAE04EC0-301F-11D3-BF4B-00C04F79EFBC}") = "QueryableStuff", "QueryableStuff\QueryableStuff.csproj", "{9AE9C458-0338-4FBC-845A-B2F0E0F3601D}"
EndProject
Project("{FAE04EC0-301F-11D3-BF4B-00C04F79EFBC}") = "QueryableStuff.Tests", "QueryableStuff.Tests\QueryableStuff.Tests.csproj", "{1604E5C2-E08F-4F77-AF50-B7D9B8B82337}"
EndProject
Project("{2150E333-8FDC-42A3-9474-1A3956D46DE8}") = ".nuget", ".nuget", "{3FD7E924-081E-4943-8317-770BCF94B026}"
	ProjectSection(SolutionItems) = preProject
		.nuget\packages.config = .nuget\packages.config
	EndProjectSection
EndProject
Global
	GlobalSection(SolutionConfigurationPlatforms) = preSolution
		Debug|Any CPU = Debug|Any CPU
		Release|Any CPU = Release|Any CPU
	EndGlobalSection
	GlobalSection(ProjectConfigurationPlatforms) = postSolution
		{9AE9C458-0338-4FBC-845A-B2F0E0F3601D}.Debug|Any CPU.ActiveCfg = Debug|Any CPU
		{9AE9C458-0338-4FBC-845A-B2F0E0F3601D}.Debug|Any CPU.Build.0 = Debug|Any CPU
		{9AE9C458-0338-4FBC-845A-B2F0E0F3601D}.Release|Any CPU.ActiveCfg = Release|Any CPU
		{9AE9C458-0338-4FBC-845A-B2F0E0F3601D}.Release|Any CPU.Build.0 = Release|Any CPU
		{1604E5C2-E08F-4F77-AF50-B7D9B8B82337}.Debug|Any CPU.ActiveCfg = Debug|Any CPU
		{1604E5C2-E08F-4F77-AF50-B7D9B8B82337}.Debug|Any CPU.Build.0 = Debug|Any CPU
		{1604E5C2-E08F-4F77-AF50-B7D9B8B82337}.Release|Any CPU.ActiveCfg = Release|Any CPU
		{1604E5C2-E08F-4F77-AF50-B7D9B8B82337}.Release|Any CPU.Build.0 = Release|Any CPU
	EndGlobalSection
	GlobalSection(SolutionProperties) = preSolution
		HideSolutionNode = FALSE
	EndGlobalSection
EndGlobal
